<?xml version="1.0" encoding="utf-8"?>
<Project ToolsVersion="4.0" xmlns="http://schemas.microsoft.com/developer/msbuild/2003">
  <ItemGroup>
    <Filter Include="ImGui">
      <UniqueIdentifier>{3c072587-3530-471a-8016-8b365895b401}</UniqueIdentifier>
    </Filter>
    <Filter Include="shaders">
      <UniqueIdentifier>{67DA6AB6-F800-4c08-8B7A-83BB121AAD01}</UniqueIdentifier>
      <Extensions>rc;ico;cur;bmp;dlg;rc2;rct;bin;rgs;gif;jpg;jpeg;jpe;resx;tiff;tif;png;wav;mfcribbon-ms</Extensions>
    </Filter>
    <Filter Include="Engine">
      <UniqueIdentifier>{8d53b574-d700-4b43-b329-67c4e71f455f}</UniqueIdentifier>
    </Filter>
    <Filter Include="Game">
      <UniqueIdentifier>{826581d2-6f69-46b8-8d95-da7acb670207}</UniqueIdentifier>
    </Filter>
  </ItemGroup>
  <ItemGroup>
    <ClCompile Include="externals\imgui\imgui.cpp">
      <Filter>ImGui</Filter>
    </ClCompile>
    <ClCompile Include="externals\imgui\imgui_demo.cpp">
      <Filter>ImGui</Filter>
    </ClCompile>
    <ClCompile Include="externals\imgui\imgui_draw.cpp">
      <Filter>ImGui</Filter>
    </ClCompile>
    <ClCompile Include="externals\imgui\imgui_impl_dx12.cpp">
      <Filter>ImGui</Filter>
    </ClCompile>
    <ClCompile Include="externals\imgui\imgui_impl_win32.cpp">
      <Filter>ImGui</Filter>
    </ClCompile>
    <ClCompile Include="externals\imgui\imgui_tables.cpp">
      <Filter>ImGui</Filter>
    </ClCompile>
    <ClCompile Include="externals\imgui\imgui_widgets.cpp">
      <Filter>ImGui</Filter>
    </ClCompile>
    <ClCompile Include="WinApp.cpp">
      <Filter>Engine</Filter>
    </ClCompile>
    <ClCompile Include="TextureManager.cpp">
      <Filter>Engine</Filter>
    </ClCompile>
    <ClCompile Include="ConvertString.cpp">
      <Filter>Engine</Filter>
    </ClCompile>
    <ClCompile Include="DirectionalLight.cpp">
      <Filter>Engine</Filter>
    </ClCompile>
    <ClCompile Include="DirectXCommon.cpp">
      <Filter>Engine</Filter>
    </ClCompile>
    <ClCompile Include="ImGuiManager.cpp">
      <Filter>Engine</Filter>
    </ClCompile>
    <ClCompile Include="Input.cpp">
      <Filter>Engine</Filter>
    </ClCompile>
    <ClCompile Include="Material.cpp">
      <Filter>Engine</Filter>
    </ClCompile>
    <ClCompile Include="Model.cpp">
      <Filter>Engine</Filter>
    </ClCompile>
    <ClCompile Include="Particle.cpp">
      <Filter>Engine</Filter>
    </ClCompile>
    <ClCompile Include="Sprite.cpp">
      <Filter>Engine</Filter>
    </ClCompile>
    <ClCompile Include="ViewProjection.cpp">
      <Filter>Engine</Filter>
    </ClCompile>
    <ClCompile Include="WorldTransform.cpp">
      <Filter>Engine</Filter>
    </ClCompile>
    <ClCompile Include="main.cpp">
      <Filter>Engine</Filter>
    </ClCompile>
    <ClCompile Include="GameScene.cpp">
      <Filter>Game</Filter>
    </ClCompile>
    <ClCompile Include="GameObject.cpp">
      <Filter>Game</Filter>
    </ClCompile>
    <ClCompile Include="Skydome.cpp">
      <Filter>Game</Filter>
    </ClCompile>
    <ClCompile Include="Floor.cpp">
      <Filter>Game</Filter>
    </ClCompile>
    <ClCompile Include="Player.cpp">
      <Filter>Game</Filter>
    </ClCompile>
    <ClCompile Include="Easing.cpp">
      <Filter>Engine</Filter>
    </ClCompile>
    <ClCompile Include="ParticleBox.cpp">
      <Filter>Engine</Filter>
    </ClCompile>
    <ClCompile Include="DustParticle.cpp">
      <Filter>Game</Filter>
    </ClCompile>
    <ClCompile Include="Boss.cpp">
      <Filter>Game</Filter>
    </ClCompile>
  </ItemGroup>
  <ItemGroup>
    <ClInclude Include="externals\imgui\imconfig.h">
      <Filter>ImGui</Filter>
    </ClInclude>
    <ClInclude Include="externals\imgui\imgui.h">
      <Filter>ImGui</Filter>
    </ClInclude>
    <ClInclude Include="externals\imgui\imgui_impl_dx12.h">
      <Filter>ImGui</Filter>
    </ClInclude>
    <ClInclude Include="externals\imgui\imgui_impl_win32.h">
      <Filter>ImGui</Filter>
    </ClInclude>
    <ClInclude Include="externals\imgui\imgui_internal.h">
      <Filter>ImGui</Filter>
    </ClInclude>
    <ClInclude Include="externals\imgui\imstb_rectpack.h">
      <Filter>ImGui</Filter>
    </ClInclude>
    <ClInclude Include="externals\imgui\imstb_textedit.h">
      <Filter>ImGui</Filter>
    </ClInclude>
    <ClInclude Include="externals\imgui\imstb_truetype.h">
      <Filter>ImGui</Filter>
    </ClInclude>
    <ClInclude Include="Mymath.h">
      <Filter>Engine</Filter>
    </ClInclude>
    <ClInclude Include="ImGuiManager.h">
      <Filter>Engine</Filter>
    </ClInclude>
    <ClInclude Include="Input.h">
      <Filter>Engine</Filter>
    </ClInclude>
    <ClInclude Include="Material.h">
      <Filter>Engine</Filter>
    </ClInclude>
    <ClInclude Include="Model.h">
      <Filter>Engine</Filter>
    </ClInclude>
    <ClInclude Include="Particle.h">
      <Filter>Engine</Filter>
    </ClInclude>
    <ClInclude Include="Sprite.h">
      <Filter>Engine</Filter>
    </ClInclude>
    <ClInclude Include="TextureManager.h">
      <Filter>Engine</Filter>
    </ClInclude>
    <ClInclude Include="ViewProjection.h">
      <Filter>Engine</Filter>
    </ClInclude>
    <ClInclude Include="WinApp.h">
      <Filter>Engine</Filter>
    </ClInclude>
    <ClInclude Include="WorldTransform.h">
      <Filter>Engine</Filter>
    </ClInclude>
    <ClInclude Include="GameScene.h">
      <Filter>Game</Filter>
    </ClInclude>
    <ClInclude Include="GameObject.h">
      <Filter>Game</Filter>
    </ClInclude>
    <ClInclude Include="DirectionalLight.h">
      <Filter>Engine</Filter>
    </ClInclude>
    <ClInclude Include="Skydome.h">
      <Filter>Game</Filter>
    </ClInclude>
    <ClInclude Include="Floor.h">
      <Filter>Game</Filter>
    </ClInclude>
    <ClInclude Include="Player.h">
      <Filter>Game</Filter>
    </ClInclude>
    <ClInclude Include="Easing.h">
      <Filter>Engine</Filter>
    </ClInclude>
    <ClInclude Include="ParticleBox.h">
      <Filter>Engine</Filter>
    </ClInclude>
    <ClInclude Include="DustParticle.h">
      <Filter>Game</Filter>
    </ClInclude>
    <ClInclude Include="Boss.h">
      <Filter>Game</Filter>
    </ClInclude>
  </ItemGroup>
  <ItemGroup>
    <None Include="Resources\shaders\Basic.hlsli">
      <Filter>shaders</Filter>
    </None>
    <None Include="Resources\shaders\Particle.hlsli">
      <Filter>shaders</Filter>
    </None>
    <None Include="Resources\shaders\Sprite.hlsli">
      <Filter>shaders</Filter>
    </None>
  </ItemGroup>
  <ItemGroup>
    <FxCompile Include="Resources\shaders\BasicPS.hlsl">
      <Filter>shaders</Filter>
    </FxCompile>
    <FxCompile Include="Resources\shaders\BasicVS.hlsl">
      <Filter>shaders</Filter>
    </FxCompile>
    <FxCompile Include="Resources\shaders\ParticlePS.hlsl">
      <Filter>shaders</Filter>
    </FxCompile>
    <FxCompile Include="Resources\shaders\ParticleVS.hlsl">
      <Filter>shaders</Filter>
    </FxCompile>
    <FxCompile Include="Resources\shaders\SpritePS.hlsl">
      <Filter>shaders</Filter>
    </FxCompile>
    <FxCompile Include="Resources\shaders\SpriteVS.hlsl">
      <Filter>shaders</Filter>
    </FxCompile>
    <FxCompile Include="Resources\shaders\ParticleBoxPS.hlsl">
      <Filter>shaders</Filter>
    </FxCompile>
    <FxCompile Include="Resources\shaders\ParticleBoxVS.hlsl">
      <Filter>shaders</Filter>
    </FxCompile>
  </ItemGroup>
</Project>